
Microsoft Visual Studio Solution File, Format Version 12.00
# Visual Studio Version 16
VisualStudioVersion = 16.0.30114.105
MinimumVisualStudioVersion = 10.0.40219.1
Project("{FAE04EC0-301F-11D3-BF4B-00C04F79EFBC}") = "Movies.API", "Movies.API\Movies.API.csproj", "{9F491BFD-3CEB-41A3-B760-81F8B600F581}"
EndProject
Project("{FAE04EC0-301F-11D3-BF4B-00C04F79EFBC}") = "AuthServer", "AuthServer\AuthServer.csproj", "{1F71B4E5-7549-4C0D-8B08-D88A9A5B25F8}"
EndProject
Global
	GlobalSection(SolutionConfigurationPlatforms) = preSolution
		Debug|Any CPU = Debug|Any CPU
		Release|Any CPU = Release|Any CPU
	EndGlobalSection
	GlobalSection(SolutionProperties) = preSolution
		HideSolutionNode = FALSE
	EndGlobalSection
	GlobalSection(ProjectConfigurationPlatforms) = postSolution
		{9F491BFD-3CEB-41A3-B760-81F8B600F581}.Debug|Any CPU.ActiveCfg = Debug|Any CPU
		{9F491BFD-3CEB-41A3-B760-81F8B600F581}.Debug|Any CPU.Build.0 = Debug|Any CPU
		{9F491BFD-3CEB-41A3-B760-81F8B600F581}.Release|Any CPU.ActiveCfg = Release|Any CPU
		{9F491BFD-3CEB-41A3-B760-81F8B600F581}.Release|Any CPU.Build.0 = Release|Any CPU
		{1F71B4E5-7549-4C0D-8B08-D88A9A5B25F8}.Debug|Any CPU.ActiveCfg = Debug|Any CPU
		{1F71B4E5-7549-4C0D-8B08-D88A9A5B25F8}.Debug|Any CPU.Build.0 = Debug|Any CPU
		{1F71B4E5-7549-4C0D-8B08-D88A9A5B25F8}.Release|Any CPU.ActiveCfg = Release|Any CPU
		{1F71B4E5-7549-4C0D-8B08-D88A9A5B25F8}.Release|Any CPU.Build.0 = Release|Any CPU
	EndGlobalSection
EndGlobal
